
Microsoft Visual Studio Solution File, Format Version 12.00
# Visual Studio Version 17
VisualStudioVersion = 17.9.34902.65
MinimumVisualStudioVersion = 10.0.40219.1
Project("{FAE04EC0-301F-11D3-BF4B-00C04F79EFBC}") = "MudBlazorBug", "MudBlazorBug\MudBlazorBug\MudBlazorBug.csproj", "{404B4B97-F879-4FAD-8B4B-41181B9AEDD3}"
EndProject
Project("{FAE04EC0-301F-11D3-BF4B-00C04F79EFBC}") = "MudBlazorBug.Client", "MudBlazorBug\MudBlazorBug.Client\MudBlazorBug.Client.csproj", "{68C93F9A-D5A7-464A-8B23-4A90EB647BAB}"
EndProject
Global
	GlobalSection(SolutionConfigurationPlatforms) = preSolution
		Debug|Any CPU = Debug|Any CPU
		Release|Any CPU = Release|Any CPU
	EndGlobalSection
	GlobalSection(ProjectConfigurationPlatforms) = postSolution
		{404B4B97-F879-4FAD-8B4B-41181B9AEDD3}.Debug|Any CPU.ActiveCfg = Debug|Any CPU
		{404B4B97-F879-4FAD-8B4B-41181B9AEDD3}.Debug|Any CPU.Build.0 = Debug|Any CPU
		{404B4B97-F879-4FAD-8B4B-41181B9AEDD3}.Release|Any CPU.ActiveCfg = Release|Any CPU
		{404B4B97-F879-4FAD-8B4B-41181B9AEDD3}.Release|Any CPU.Build.0 = Release|Any CPU
		{68C93F9A-D5A7-464A-8B23-4A90EB647BAB}.Debug|Any CPU.ActiveCfg = Debug|Any CPU
		{68C93F9A-D5A7-464A-8B23-4A90EB647BAB}.Debug|Any CPU.Build.0 = Debug|Any CPU
		{68C93F9A-D5A7-464A-8B23-4A90EB647BAB}.Release|Any CPU.ActiveCfg = Release|Any CPU
		{68C93F9A-D5A7-464A-8B23-4A90EB647BAB}.Release|Any CPU.Build.0 = Release|Any CPU
	EndGlobalSection
	GlobalSection(SolutionProperties) = preSolution
		HideSolutionNode = FALSE
	EndGlobalSection
	GlobalSection(ExtensibilityGlobals) = postSolution
		SolutionGuid = {6A4F2812-B440-4ED4-8C42-AC8136072DC3}
	EndGlobalSection
EndGlobal
